
Microsoft Visual Studio Solution File, Format Version 12.00
# Visual Studio 15
VisualStudioVersion = 15.0.28307.438
MinimumVisualStudioVersion = 10.0.40219.1
Project("{8BC9CEB8-8B4A-11D0-8D11-00A0C91BC942}") = "PerfomancePractice", "PerfomancePractice\PerfomancePractice.vcxproj", "{938AB9A6-5DB5-422A-995B-796631CD9A98}"
EndProject
Global
	GlobalSection(SolutionConfigurationPlatforms) = preSolution
		Debug|x64 = Debug|x64
		Debug|x86 = Debug|x86
		Release|x64 = Release|x64
		Release|x86 = Release|x86
	EndGlobalSection
	GlobalSection(ProjectConfigurationPlatforms) = postSolution
		{938AB9A6-5DB5-422A-995B-796631CD9A98}.Debug|x64.ActiveCfg = Debug|x64
		{938AB9A6-5DB5-422A-995B-796631CD9A98}.Debug|x64.Build.0 = Debug|x64
		{938AB9A6-5DB5-422A-995B-796631CD9A98}.Debug|x86.ActiveCfg = Debug|Win32
		{938AB9A6-5DB5-422A-995B-796631CD9A98}.Debug|x86.Build.0 = Debug|Win32
		{938AB9A6-5DB5-422A-995B-796631CD9A98}.Release|x64.ActiveCfg = Release|x64
		{938AB9A6-5DB5-422A-995B-796631CD9A98}.Release|x64.Build.0 = Release|x64
		{938AB9A6-5DB5-422A-995B-796631CD9A98}.Release|x86.ActiveCfg = Release|Win32
		{938AB9A6-5DB5-422A-995B-796631CD9A98}.Release|x86.Build.0 = Release|Win32
	EndGlobalSection
	GlobalSection(SolutionProperties) = preSolution
		HideSolutionNode = FALSE
	EndGlobalSection
	GlobalSection(ExtensibilityGlobals) = postSolution
		SolutionGuid = {B0AC7111-4737-43BF-9A17-92DA0D5750BB}
	EndGlobalSection
EndGlobal
